
Microsoft Visual Studio Solution File, Format Version 12.00
# Visual Studio Version 17
VisualStudioVersion = 17.13.35828.75 d17.13
MinimumVisualStudioVersion = 10.0.40219.1
Project("{FAE04EC0-301F-11D3-BF4B-00C04F79EFBC}") = "Quizko.Web", "Quizko\Quizko.Web.csproj", "{D3C32CEA-007A-43DB-BFB7-456AA9D95BAE}"
EndProject
Project("{2150E333-8FDC-42A3-9474-1A3956D46DE8}") = "Web", "Web", "{02EA681E-C7D8-13C7-8484-4AC65E1B71E8}"
EndProject
Project("{2150E333-8FDC-42A3-9474-1A3956D46DE8}") = "Services", "Services", "{831C4EED-7F34-479C-9268-9E1952E3525D}"
EndProject
Project("{2150E333-8FDC-42A3-9474-1A3956D46DE8}") = "Data", "Data", "{924EE67A-CBDC-4A60-893E-1A8744D4A5C5}"
EndProject
Project("{FAE04EC0-301F-11D3-BF4B-00C04F79EFBC}") = "Quizko.ViewModels", "Quizko.ViewModels\Quizko.ViewModels.csproj", "{3A03A27D-B449-455C-80B9-544E141FA5B9}"
EndProject
Project("{FAE04EC0-301F-11D3-BF4B-00C04F79EFBC}") = "Quizko.Services.Core", "Quizko.Services.Core\Quizko.Services.Core.csproj", "{43A3F576-B382-4733-A8A2-4A7E2AAD5545}"
EndProject
Project("{FAE04EC0-301F-11D3-BF4B-00C04F79EFBC}") = "Quizko.Data", "Quizko.Data\Quizko.Data.csproj", "{754D9CAE-F273-435B-A627-25B604DDD73A}"
EndProject
Project("{FAE04EC0-301F-11D3-BF4B-00C04F79EFBC}") = "Quizko.Data.Models", "Quizko.Data.Models\Quizko.Data.Models.csproj", "{AC39A34B-4FAD-411B-B6AB-689223A0DCF9}"
EndProject
Project("{FAE04EC0-301F-11D3-BF4B-00C04F79EFBC}") = "Quizko.Common", "Quizko.Common\Quizko.Common.csproj", "{4E2D2C78-A2F1-4020-AA12-07D67C2AF014}"
EndProject
Global
	GlobalSection(SolutionConfigurationPlatforms) = preSolution
		Debug|Any CPU = Debug|Any CPU
		Release|Any CPU = Release|Any CPU
	EndGlobalSection
	GlobalSection(ProjectConfigurationPlatforms) = postSolution
		{D3C32CEA-007A-43DB-BFB7-456AA9D95BAE}.Debug|Any CPU.ActiveCfg = Debug|Any CPU
		{D3C32CEA-007A-43DB-BFB7-456AA9D95BAE}.Debug|Any CPU.Build.0 = Debug|Any CPU
		{D3C32CEA-007A-43DB-BFB7-456AA9D95BAE}.Release|Any CPU.ActiveCfg = Release|Any CPU
		{D3C32CEA-007A-43DB-BFB7-456AA9D95BAE}.Release|Any CPU.Build.0 = Release|Any CPU
		{3A03A27D-B449-455C-80B9-544E141FA5B9}.Debug|Any CPU.ActiveCfg = Debug|Any CPU
		{3A03A27D-B449-455C-80B9-544E141FA5B9}.Debug|Any CPU.Build.0 = Debug|Any CPU
		{3A03A27D-B449-455C-80B9-544E141FA5B9}.Release|Any CPU.ActiveCfg = Release|Any CPU
		{3A03A27D-B449-455C-80B9-544E141FA5B9}.Release|Any CPU.Build.0 = Release|Any CPU
		{43A3F576-B382-4733-A8A2-4A7E2AAD5545}.Debug|Any CPU.ActiveCfg = Debug|Any CPU
		{43A3F576-B382-4733-A8A2-4A7E2AAD5545}.Debug|Any CPU.Build.0 = Debug|Any CPU
		{43A3F576-B382-4733-A8A2-4A7E2AAD5545}.Release|Any CPU.ActiveCfg = Release|Any CPU
		{43A3F576-B382-4733-A8A2-4A7E2AAD5545}.Release|Any CPU.Build.0 = Release|Any CPU
		{754D9CAE-F273-435B-A627-25B604DDD73A}.Debug|Any CPU.ActiveCfg = Debug|Any CPU
		{754D9CAE-F273-435B-A627-25B604DDD73A}.Debug|Any CPU.Build.0 = Debug|Any CPU
		{754D9CAE-F273-435B-A627-25B604DDD73A}.Release|Any CPU.ActiveCfg = Release|Any CPU
		{754D9CAE-F273-435B-A627-25B604DDD73A}.Release|Any CPU.Build.0 = Release|Any CPU
		{AC39A34B-4FAD-411B-B6AB-689223A0DCF9}.Debug|Any CPU.ActiveCfg = Debug|Any CPU
		{AC39A34B-4FAD-411B-B6AB-689223A0DCF9}.Debug|Any CPU.Build.0 = Debug|Any CPU
		{AC39A34B-4FAD-411B-B6AB-689223A0DCF9}.Release|Any CPU.ActiveCfg = Release|Any CPU
		{AC39A34B-4FAD-411B-B6AB-689223A0DCF9}.Release|Any CPU.Build.0 = Release|Any CPU
		{4E2D2C78-A2F1-4020-AA12-07D67C2AF014}.Debug|Any CPU.ActiveCfg = Debug|Any CPU
		{4E2D2C78-A2F1-4020-AA12-07D67C2AF014}.Debug|Any CPU.Build.0 = Debug|Any CPU
		{4E2D2C78-A2F1-4020-AA12-07D67C2AF014}.Release|Any CPU.ActiveCfg = Release|Any CPU
		{4E2D2C78-A2F1-4020-AA12-07D67C2AF014}.Release|Any CPU.Build.0 = Release|Any CPU
	EndGlobalSection
	GlobalSection(SolutionProperties) = preSolution
		HideSolutionNode = FALSE
	EndGlobalSection
	GlobalSection(NestedProjects) = preSolution
		{D3C32CEA-007A-43DB-BFB7-456AA9D95BAE} = {02EA681E-C7D8-13C7-8484-4AC65E1B71E8}
		{3A03A27D-B449-455C-80B9-544E141FA5B9} = {02EA681E-C7D8-13C7-8484-4AC65E1B71E8}
		{43A3F576-B382-4733-A8A2-4A7E2AAD5545} = {831C4EED-7F34-479C-9268-9E1952E3525D}
		{754D9CAE-F273-435B-A627-25B604DDD73A} = {924EE67A-CBDC-4A60-893E-1A8744D4A5C5}
		{AC39A34B-4FAD-411B-B6AB-689223A0DCF9} = {924EE67A-CBDC-4A60-893E-1A8744D4A5C5}
	EndGlobalSection
	GlobalSection(ExtensibilityGlobals) = postSolution
		SolutionGuid = {CE735181-E19D-45C4-AE32-1645A9C8993B}
	EndGlobalSection
EndGlobal
